
Microsoft Visual Studio Solution File, Format Version 12.00
# Visual Studio Version 17
VisualStudioVersion = 17.3.32901.215
MinimumVisualStudioVersion = 10.0.40219.1
Project("{8BC9CEB8-8B4A-11D0-8D11-00A0C91BC942}") = "CaveCarver", "CaveCarver\CaveCarver.vcxproj", "{A618857F-EB0B-4BF5-AF6E-E6B54A69A729}"
EndProject
Global
	GlobalSection(SolutionConfigurationPlatforms) = preSolution
		Debug|x64 = Debug|x64
		Debug|x86 = Debug|x86
		Release|x64 = Release|x64
		Release|x86 = Release|x86
	EndGlobalSection
	GlobalSection(ProjectConfigurationPlatforms) = postSolution
		{A618857F-EB0B-4BF5-AF6E-E6B54A69A729}.Debug|x64.ActiveCfg = Debug|x64
		{A618857F-EB0B-4BF5-AF6E-E6B54A69A729}.Debug|x64.Build.0 = Debug|x64
		{A618857F-EB0B-4BF5-AF6E-E6B54A69A729}.Debug|x86.ActiveCfg = Debug|Win32
		{A618857F-EB0B-4BF5-AF6E-E6B54A69A729}.Debug|x86.Build.0 = Debug|Win32
		{A618857F-EB0B-4BF5-AF6E-E6B54A69A729}.Release|x64.ActiveCfg = Release|x64
		{A618857F-EB0B-4BF5-AF6E-E6B54A69A729}.Release|x64.Build.0 = Release|x64
		{A618857F-EB0B-4BF5-AF6E-E6B54A69A729}.Release|x86.ActiveCfg = Release|Win32
		{A618857F-EB0B-4BF5-AF6E-E6B54A69A729}.Release|x86.Build.0 = Release|Win32
	EndGlobalSection
	GlobalSection(SolutionProperties) = preSolution
		HideSolutionNode = FALSE
	EndGlobalSection
	GlobalSection(ExtensibilityGlobals) = postSolution
		SolutionGuid = {20B8D1E1-471D-4F41-A25C-7E02F79FD62E}
	EndGlobalSection
EndGlobal
